
Microsoft Visual Studio Solution File, Format Version 12.00
# Visual Studio Version 17
VisualStudioVersion = 17.0.32126.317
MinimumVisualStudioVersion = 10.0.40219.1
Project("{FAE04EC0-301F-11D3-BF4B-00C04F79EFBC}") = "EjercicioHerencia", "EjercicioHerencia.csproj", "{97187D4C-5C87-4CDD-AA58-E49D35705AEC}"
EndProject
Global
	GlobalSection(SolutionConfigurationPlatforms) = preSolution
		Debug|Any CPU = Debug|Any CPU
		Release|Any CPU = Release|Any CPU
	EndGlobalSection
	GlobalSection(ProjectConfigurationPlatforms) = postSolution
		{97187D4C-5C87-4CDD-AA58-E49D35705AEC}.Debug|Any CPU.ActiveCfg = Debug|Any CPU
		{97187D4C-5C87-4CDD-AA58-E49D35705AEC}.Debug|Any CPU.Build.0 = Debug|Any CPU
		{97187D4C-5C87-4CDD-AA58-E49D35705AEC}.Release|Any CPU.ActiveCfg = Release|Any CPU
		{97187D4C-5C87-4CDD-AA58-E49D35705AEC}.Release|Any CPU.Build.0 = Release|Any CPU
	EndGlobalSection
	GlobalSection(SolutionProperties) = preSolution
		HideSolutionNode = FALSE
	EndGlobalSection
	GlobalSection(ExtensibilityGlobals) = postSolution
		SolutionGuid = {2610770F-7664-44A8-924B-0AC66294FDFC}
	EndGlobalSection
EndGlobal
